
Microsoft Visual Studio Solution File, Format Version 12.00
# Visual Studio Version 17
VisualStudioVersion = 17.2.32630.192
MinimumVisualStudioVersion = 10.0.40219.1
Project("{FAE04EC0-301F-11D3-BF4B-00C04F79EFBC}") = "blogdeneme", "blogdeneme\blogdeneme.csproj", "{36FF8B36-A139-4420-88FA-6FCBC588EB3C}"
EndProject
Project("{FAE04EC0-301F-11D3-BF4B-00C04F79EFBC}") = "DataAccesLayer", "DataAccesLayer\DataAccesLayer.csproj", "{AF55BC90-F110-49A3-8578-51B2AE3AC39B}"
EndProject
Project("{FAE04EC0-301F-11D3-BF4B-00C04F79EFBC}") = "EntitiyLayer", "EntitiyLayer\EntitiyLayer.csproj", "{7FC31259-A24D-4FAE-9ED5-03E20062CBB2}"
EndProject
Project("{FAE04EC0-301F-11D3-BF4B-00C04F79EFBC}") = "BussinesLayer", "BussinesLayer\BussinesLayer.csproj", "{BDEE55D5-F2EE-4991-ABF9-86E6E41D0F2E}"
EndProject
Global
	GlobalSection(SolutionConfigurationPlatforms) = preSolution
		Debug|Any CPU = Debug|Any CPU
		Release|Any CPU = Release|Any CPU
	EndGlobalSection
	GlobalSection(ProjectConfigurationPlatforms) = postSolution
		{36FF8B36-A139-4420-88FA-6FCBC588EB3C}.Debug|Any CPU.ActiveCfg = Debug|Any CPU
		{36FF8B36-A139-4420-88FA-6FCBC588EB3C}.Debug|Any CPU.Build.0 = Debug|Any CPU
		{36FF8B36-A139-4420-88FA-6FCBC588EB3C}.Release|Any CPU.ActiveCfg = Release|Any CPU
		{36FF8B36-A139-4420-88FA-6FCBC588EB3C}.Release|Any CPU.Build.0 = Release|Any CPU
		{AF55BC90-F110-49A3-8578-51B2AE3AC39B}.Debug|Any CPU.ActiveCfg = Debug|Any CPU
		{AF55BC90-F110-49A3-8578-51B2AE3AC39B}.Debug|Any CPU.Build.0 = Debug|Any CPU
		{AF55BC90-F110-49A3-8578-51B2AE3AC39B}.Release|Any CPU.ActiveCfg = Release|Any CPU
		{AF55BC90-F110-49A3-8578-51B2AE3AC39B}.Release|Any CPU.Build.0 = Release|Any CPU
		{7FC31259-A24D-4FAE-9ED5-03E20062CBB2}.Debug|Any CPU.ActiveCfg = Debug|Any CPU
		{7FC31259-A24D-4FAE-9ED5-03E20062CBB2}.Debug|Any CPU.Build.0 = Debug|Any CPU
		{7FC31259-A24D-4FAE-9ED5-03E20062CBB2}.Release|Any CPU.ActiveCfg = Release|Any CPU
		{7FC31259-A24D-4FAE-9ED5-03E20062CBB2}.Release|Any CPU.Build.0 = Release|Any CPU
		{BDEE55D5-F2EE-4991-ABF9-86E6E41D0F2E}.Debug|Any CPU.ActiveCfg = Debug|Any CPU
		{BDEE55D5-F2EE-4991-ABF9-86E6E41D0F2E}.Debug|Any CPU.Build.0 = Debug|Any CPU
		{BDEE55D5-F2EE-4991-ABF9-86E6E41D0F2E}.Release|Any CPU.ActiveCfg = Release|Any CPU
		{BDEE55D5-F2EE-4991-ABF9-86E6E41D0F2E}.Release|Any CPU.Build.0 = Release|Any CPU
	EndGlobalSection
	GlobalSection(SolutionProperties) = preSolution
		HideSolutionNode = FALSE
	EndGlobalSection
	GlobalSection(ExtensibilityGlobals) = postSolution
		SolutionGuid = {6495574A-0626-4CCC-B7B7-074823DD4842}
	EndGlobalSection
EndGlobal
